
Microsoft Visual Studio Solution File, Format Version 12.00
# Visual Studio Version 17
VisualStudioVersion = 17.14.36717.8 d17.14
MinimumVisualStudioVersion = 10.0.40219.1
Project("{FAE04EC0-301F-11D3-BF4B-00C04F79EFBC}") = "ADONETandDapperExample", "ADONETandDapperExample\ADONETandDapperExample.csproj", "{E665D838-CAED-4720-96E5-4F72E056BD35}"
EndProject
Global
	GlobalSection(SolutionConfigurationPlatforms) = preSolution
		Debug|Any CPU = Debug|Any CPU
		Release|Any CPU = Release|Any CPU
	EndGlobalSection
	GlobalSection(ProjectConfigurationPlatforms) = postSolution
		{E665D838-CAED-4720-96E5-4F72E056BD35}.Debug|Any CPU.ActiveCfg = Debug|Any CPU
		{E665D838-CAED-4720-96E5-4F72E056BD35}.Debug|Any CPU.Build.0 = Debug|Any CPU
		{E665D838-CAED-4720-96E5-4F72E056BD35}.Release|Any CPU.ActiveCfg = Release|Any CPU
		{E665D838-CAED-4720-96E5-4F72E056BD35}.Release|Any CPU.Build.0 = Release|Any CPU
	EndGlobalSection
	GlobalSection(SolutionProperties) = preSolution
		HideSolutionNode = FALSE
	EndGlobalSection
	GlobalSection(ExtensibilityGlobals) = postSolution
		SolutionGuid = {38CF9913-225C-491C-9E4C-6BEDDA4556B6}
	EndGlobalSection
EndGlobal
